{
  "name": "orionpulse-cli",
  "version": "1.0.1",
  "lockfileVersion": 3,
  "requires": true,
  "packages": {
    "": {
      "name": "orionpulse-cli",
      "version": "1.0.1",
      "license": "ISC",
      "dependencies": {
        "@clack/prompts": "^1.6.0",
        "axios": "^1.7.2",
        "commander": "^12.1.0",
        "open": "^10.1.0",
        "orionpulse-cli": "^1.0.1",
        "socket.io-client": "^4.7.5"
      },
      "bin": {
        "orionpulse": "src/index.js"
      },
      "devDependencies": {}
    },
    "node_modules/@clack/core": {
      "version": "1.4.2",
      "resolved": "https://registry.npmjs.org/@clack/core/-/core-1.4.2.tgz",
      "integrity": "sha512-0Ty/1Gfm+Kb07sXcuESjyKfwEhSy4Ns1AgeEisHb/bDY5fWme0tTeTkU14T1Gmcs17YIjB/teiDe4uaCghbYqQ==",
      "license": "MIT",
      "dependencies": {
        "fast-wrap-ansi": "^0.2.0",
        "sisteransi": "^1.0.5"
      },
      "engines": {
        "node": ">= 20.12.0"
      }
    },
    "node_modules/@clack/prompts": {
      "version": "1.6.0",
      "resolved": "https://registry.npmjs.org/@clack/prompts/-/prompts-1.6.0.tgz",
      "integrity": "sha512-EYlRokl8szrP9Z25qT5aepMdBjzBvHF9ZEhzIiUBc9guz/T31EqRgvD0QSgZcpE93xiwrr+OkB4nz0BZyF6fSA==",
      "license": "MIT",
      "dependencies": {
        "@clack/core": "1.4.2",
        "fast-string-width": "^3.0.2",
        "fast-wrap-ansi": "^0.2.0",
        "sisteransi": "^1.0.5"
      },
      "engines": {
        "node": ">= 20.12.0"
      }
    },
    "node_modules/@socket.io/component-emitter": {
      "version": "3.1.2",
      "license": "MIT"
    },
    "node_modules/agent-base": {
      "version": "6.0.2",
      "license": "MIT",
      "dependencies": {
        "debug": "4"
      },
      "engines": {
        "node": ">= 6.0.0"
      }
    },
    "node_modules/asynckit": {
      "version": "0.4.0",
      "license": "MIT"
    },
    "node_modules/axios": {
      "version": "1.18.1",
      "license": "MIT",
      "dependencies": {
        "follow-redirects": "^1.16.0",
        "form-data": "^4.0.5",
        "https-proxy-agent": "^5.0.1",
        "proxy-from-env": "^2.1.0"
      }
    },
    "node_modules/bundle-name": {
      "version": "4.1.0",
      "license": "MIT",
      "dependencies": {
        "run-applescript": "^7.0.0"
      },
      "engines": {
        "node": ">=18"
      },
      "funding": {
        "url": "https://github.com/sponsors/sindresorhus"
      }
    },
    "node_modules/call-bind-apply-helpers": {
      "version": "1.0.2",
      "license": "MIT",
      "dependencies": {
        "es-errors": "^1.3.0",
        "function-bind": "^1.1.2"
      },
      "engines": {
        "node": ">= 0.4"
      }
    },
    "node_modules/combined-stream": {
      "version": "1.0.8",
      "license": "MIT",
      "dependencies": {
        "delayed-stream": "~1.0.0"
      },
      "engines": {
        "node": ">= 0.8"
      }
    },
    "node_modules/commander": {
      "version": "12.1.0",
      "license": "MIT",
      "engines": {
        "node": ">=18"
      }
    },
    "node_modules/debug": {
      "version": "4.4.3",
      "license": "MIT",
      "dependencies": {
        "ms": "^2.1.3"
      },
      "engines": {
        "node": ">=6.0"
      },
      "peerDependenciesMeta": {
        "supports-color": {
          "optional": true
        }
      }
    },
    "node_modules/default-browser": {
      "version": "5.5.0",
      "license": "MIT",
      "dependencies": {
        "bundle-name": "^4.1.0",
        "default-browser-id": "^5.0.0"
      },
      "engines": {
        "node": ">=18"
      },
      "funding": {
        "url": "https://github.com/sponsors/sindresorhus"
      }
    },
    "node_modules/default-browser-id": {
      "version": "5.0.1",
      "license": "MIT",
      "engines": {
        "node": ">=18"
      },
      "funding": {
        "url": "https://github.com/sponsors/sindresorhus"
      }
    },
    "node_modules/define-lazy-prop": {
      "version": "3.0.0",
      "license": "MIT",
      "engines": {
        "node": ">=12"
      },
      "funding": {
        "url": "https://github.com/sponsors/sindresorhus"
      }
    },
    "node_modules/delayed-stream": {
      "version": "1.0.0",
      "license": "MIT",
      "engines": {
        "node": ">=0.4.0"
      }
    },
    "node_modules/dunder-proto": {
      "version": "1.0.1",
      "license": "MIT",
      "dependencies": {
        "call-bind-apply-helpers": "^1.0.1",
        "es-errors": "^1.3.0",
        "gopd": "^1.2.0"
      },
      "engines": {
        "node": ">= 0.4"
      }
    },
    "node_modules/engine.io-client": {
      "version": "6.6.6",
      "license": "MIT",
      "dependencies": {
        "@socket.io/component-emitter": "~3.1.0",
        "debug": "~4.4.1",
        "engine.io-parser": "~5.2.1",
        "ws": "~8.21.0",
        "xmlhttprequest-ssl": "~2.1.1"
      }
    },
    "node_modules/engine.io-parser": {
      "version": "5.2.3",
      "license": "MIT",
      "engines": {
        "node": ">=10.0.0"
      }
    },
    "node_modules/es-define-property": {
      "version": "1.0.1",
      "license": "MIT",
      "engines": {
        "node": ">= 0.4"
      }
    },
    "node_modules/es-errors": {
      "version": "1.3.0",
      "license": "MIT",
      "engines": {
        "node": ">= 0.4"
      }
    },
    "node_modules/es-object-atoms": {
      "version": "1.1.2",
      "license": "MIT",
      "dependencies": {
        "es-errors": "^1.3.0"
      },
      "engines": {
        "node": ">= 0.4"
      }
    },
    "node_modules/es-set-tostringtag": {
      "version": "2.1.0",
      "license": "MIT",
      "dependencies": {
        "es-errors": "^1.3.0",
        "get-intrinsic": "^1.2.6",
        "has-tostringtag": "^1.0.2",
        "hasown": "^2.0.2"
      },
      "engines": {
        "node": ">= 0.4"
      }
    },
    "node_modules/fast-string-truncated-width": {
      "version": "3.0.3",
      "resolved": "https://registry.npmjs.org/fast-string-truncated-width/-/fast-string-truncated-width-3.0.3.tgz",
      "integrity": "sha512-0jjjIEL6+0jag3l2XWWizO64/aZVtpiGE3t0Zgqxv0DPuxiMjvB3M24fCyhZUO4KomJQPj3LTSUnDP3GpdwC0g==",
      "license": "MIT"
    },
    "node_modules/fast-string-width": {
      "version": "3.0.2",
      "resolved": "https://registry.npmjs.org/fast-string-width/-/fast-string-width-3.0.2.tgz",
      "integrity": "sha512-gX8LrtNEI5hq8DVUfRQMbr5lpaS4nMIWV+7XEbXk2b8kiQIizgnlr12B4dA3ZEx3308ze0O4Q1R+cHts8kyUJg==",
      "license": "MIT",
      "dependencies": {
        "fast-string-truncated-width": "^3.0.2"
      }
    },
    "node_modules/fast-wrap-ansi": {
      "version": "0.2.2",
      "resolved": "https://registry.npmjs.org/fast-wrap-ansi/-/fast-wrap-ansi-0.2.2.tgz",
      "integrity": "sha512-7F2Fl+TjRSenLqlU3UjSH0iyqopqoZIu7eZVpEirP2g1GtWa2G/ecEmBdgz31+Mxr+ELclgg6sokpSFIQiZ02Q==",
      "license": "MIT",
      "dependencies": {
        "fast-string-width": "^3.0.2"
      }
    },
    "node_modules/follow-redirects": {
      "version": "1.16.0",
      "funding": [
        {
          "type": "individual",
          "url": "https://github.com/sponsors/RubenVerborgh"
        }
      ],
      "license": "MIT",
      "engines": {
        "node": ">=4.0"
      },
      "peerDependenciesMeta": {
        "debug": {
          "optional": true
        }
      }
    },
    "node_modules/form-data": {
      "version": "4.0.6",
      "license": "MIT",
      "dependencies": {
        "asynckit": "^0.4.0",
        "combined-stream": "^1.0.8",
        "es-set-tostringtag": "^2.1.0",
        "hasown": "^2.0.4",
        "mime-types": "^2.1.35"
      },
      "engines": {
        "node": ">= 6"
      }
    },
    "node_modules/function-bind": {
      "version": "1.1.2",
      "license": "MIT",
      "funding": {
        "url": "https://github.com/sponsors/ljharb"
      }
    },
    "node_modules/get-intrinsic": {
      "version": "1.3.0",
      "license": "MIT",
      "dependencies": {
        "call-bind-apply-helpers": "^1.0.2",
        "es-define-property": "^1.0.1",
        "es-errors": "^1.3.0",
        "es-object-atoms": "^1.1.1",
        "function-bind": "^1.1.2",
        "get-proto": "^1.0.1",
        "gopd": "^1.2.0",
        "has-symbols": "^1.1.0",
        "hasown": "^2.0.2",
        "math-intrinsics": "^1.1.0"
      },
      "engines": {
        "node": ">= 0.4"
      },
      "funding": {
        "url": "https://github.com/sponsors/ljharb"
      }
    },
    "node_modules/get-proto": {
      "version": "1.0.1",
      "license": "MIT",
      "dependencies": {
        "dunder-proto": "^1.0.1",
        "es-object-atoms": "^1.0.0"
      },
      "engines": {
        "node": ">= 0.4"
      }
    },
    "node_modules/gopd": {
      "version": "1.2.0",
      "license": "MIT",
      "engines": {
        "node": ">= 0.4"
      },
      "funding": {
        "url": "https://github.com/sponsors/ljharb"
      }
    },
    "node_modules/has-symbols": {
      "version": "1.1.0",
      "license": "MIT",
      "engines": {
        "node": ">= 0.4"
      },
      "funding": {
        "url": "https://github.com/sponsors/ljharb"
      }
    },
    "node_modules/has-tostringtag": {
      "version": "1.0.2",
      "license": "MIT",
      "dependencies": {
        "has-symbols": "^1.0.3"
      },
      "engines": {
        "node": ">= 0.4"
      },
      "funding": {
        "url": "https://github.com/sponsors/ljharb"
      }
    },
    "node_modules/hasown": {
      "version": "2.0.4",
      "license": "MIT",
      "dependencies": {
        "function-bind": "^1.1.2"
      },
      "engines": {
        "node": ">= 0.4"
      }
    },
    "node_modules/https-proxy-agent": {
      "version": "5.0.1",
      "license": "MIT",
      "dependencies": {
        "agent-base": "6",
        "debug": "4"
      },
      "engines": {
        "node": ">= 6"
      }
    },
    "node_modules/is-docker": {
      "version": "3.0.0",
      "license": "MIT",
      "bin": {
        "is-docker": "cli.js"
      },
      "engines": {
        "node": "^12.20.0 || ^14.13.1 || >=16.0.0"
      },
      "funding": {
        "url": "https://github.com/sponsors/sindresorhus"
      }
    },
    "node_modules/is-inside-container": {
      "version": "1.0.0",
      "license": "MIT",
      "dependencies": {
        "is-docker": "^3.0.0"
      },
      "bin": {
        "is-inside-container": "cli.js"
      },
      "engines": {
        "node": ">=14.16"
      },
      "funding": {
        "url": "https://github.com/sponsors/sindresorhus"
      }
    },
    "node_modules/is-wsl": {
      "version": "3.1.1",
      "license": "MIT",
      "dependencies": {
        "is-inside-container": "^1.0.0"
      },
      "engines": {
        "node": ">=16"
      },
      "funding": {
        "url": "https://github.com/sponsors/sindresorhus"
      }
    },
    "node_modules/math-intrinsics": {
      "version": "1.1.0",
      "license": "MIT",
      "engines": {
        "node": ">= 0.4"
      }
    },
    "node_modules/mime-db": {
      "version": "1.52.0",
      "license": "MIT",
      "engines": {
        "node": ">= 0.6"
      }
    },
    "node_modules/mime-types": {
      "version": "2.1.35",
      "license": "MIT",
      "dependencies": {
        "mime-db": "1.52.0"
      },
      "engines": {
        "node": ">= 0.6"
      }
    },
    "node_modules/ms": {
      "version": "2.1.3",
      "license": "MIT"
    },
    "node_modules/open": {
      "version": "10.2.0",
      "license": "MIT",
      "dependencies": {
        "default-browser": "^5.2.1",
        "define-lazy-prop": "^3.0.0",
        "is-inside-container": "^1.0.0",
        "wsl-utils": "^0.1.0"
      },
      "engines": {
        "node": ">=18"
      },
      "funding": {
        "url": "https://github.com/sponsors/sindresorhus"
      }
    },
    "node_modules/orionpulse-cli": {
      "version": "1.0.1",
      "resolved": "https://registry.npmjs.org/orionpulse-cli/-/orionpulse-cli-1.0.1.tgz",
      "integrity": "sha512-Z+qcxS2fjMBvaucFgKEi/1SO9lsBppumDj9IuDlTwl1SkyNW9+51apBK1AKD1kAuIozbYuttPox9E8ffZ2ogow==",
      "license": "ISC",
      "dependencies": {
        "@clack/prompts": "^1.6.0",
        "axios": "^1.7.2",
        "commander": "^12.1.0",
        "open": "^10.1.0",
        "socket.io-client": "^4.7.5"
      },
      "bin": {
        "orionpulse": "src/index.js"
      }
    },
    "node_modules/proxy-from-env": {
      "version": "2.1.0",
      "license": "MIT",
      "engines": {
        "node": ">=10"
      }
    },
    "node_modules/run-applescript": {
      "version": "7.1.0",
      "license": "MIT",
      "engines": {
        "node": ">=18"
      },
      "funding": {
        "url": "https://github.com/sponsors/sindresorhus"
      }
    },
    "node_modules/sisteransi": {
      "version": "1.0.5",
      "resolved": "https://registry.npmjs.org/sisteransi/-/sisteransi-1.0.5.tgz",
      "integrity": "sha512-bLGGlR1QxBcynn2d5YmDX4MGjlZvy2MRBDRNHLJ8VI6l6+9FUiyTFNJ0IveOSP0bcXgVDPRcfGqA0pjaqUpfVg==",
      "license": "MIT"
    },
    "node_modules/socket.io-client": {
      "version": "4.8.3",
      "license": "MIT",
      "dependencies": {
        "@socket.io/component-emitter": "~3.1.0",
        "debug": "~4.4.1",
        "engine.io-client": "~6.6.1",
        "socket.io-parser": "~4.2.4"
      },
      "engines": {
        "node": ">=10.0.0"
      }
    },
    "node_modules/socket.io-parser": {
      "version": "4.2.6",
      "license": "MIT",
      "dependencies": {
        "@socket.io/component-emitter": "~3.1.0",
        "debug": "~4.4.1"
      },
      "engines": {
        "node": ">=10.0.0"
      }
    },
    "node_modules/ws": {
      "version": "8.21.0",
      "license": "MIT",
      "engines": {
        "node": ">=10.0.0"
      },
      "peerDependencies": {
        "bufferutil": "^4.0.1",
        "utf-8-validate": ">=5.0.2"
      },
      "peerDependenciesMeta": {
        "bufferutil": {
          "optional": true
        },
        "utf-8-validate": {
          "optional": true
        }
      }
    },
    "node_modules/wsl-utils": {
      "version": "0.1.0",
      "license": "MIT",
      "dependencies": {
        "is-wsl": "^3.1.0"
      },
      "engines": {
        "node": ">=18"
      },
      "funding": {
        "url": "https://github.com/sponsors/sindresorhus"
      }
    },
    "node_modules/xmlhttprequest-ssl": {
      "version": "2.1.2",
      "engines": {
        "node": ">=0.4.0"
      }
    }
  }
}
